
Microsoft Visual Studio Solution File, Format Version 12.00
# Visual Studio Version 16
VisualStudioVersion = 16.0.31424.327
MinimumVisualStudioVersion = 10.0.40219.1
Project("{FAE04EC0-301F-11D3-BF4B-00C04F79EFBC}") = "Logica", "Logica\Logica.csproj", "{B4C8B01F-F9CF-4A49-AA91-9EFB1A40B1CC}"
EndProject
Project("{FAE04EC0-301F-11D3-BF4B-00C04F79EFBC}") = "Interfaz", "Interfaz\Interfaz.csproj", "{88D16830-BD0B-400B-B955-7A3D393C907C}"
EndProject
Project("{FAE04EC0-301F-11D3-BF4B-00C04F79EFBC}") = "Datos", "Datos\Datos.csproj", "{25AEBA29-15C2-4F25-9331-99250FD38444}"
EndProject
Global
	GlobalSection(SolutionConfigurationPlatforms) = preSolution
		Debug|Any CPU = Debug|Any CPU
		Release|Any CPU = Release|Any CPU
	EndGlobalSection
	GlobalSection(ProjectConfigurationPlatforms) = postSolution
		{B4C8B01F-F9CF-4A49-AA91-9EFB1A40B1CC}.Debug|Any CPU.ActiveCfg = Debug|Any CPU
		{B4C8B01F-F9CF-4A49-AA91-9EFB1A40B1CC}.Debug|Any CPU.Build.0 = Debug|Any CPU
		{B4C8B01F-F9CF-4A49-AA91-9EFB1A40B1CC}.Release|Any CPU.ActiveCfg = Release|Any CPU
		{B4C8B01F-F9CF-4A49-AA91-9EFB1A40B1CC}.Release|Any CPU.Build.0 = Release|Any CPU
		{88D16830-BD0B-400B-B955-7A3D393C907C}.Debug|Any CPU.ActiveCfg = Debug|Any CPU
		{88D16830-BD0B-400B-B955-7A3D393C907C}.Debug|Any CPU.Build.0 = Debug|Any CPU
		{88D16830-BD0B-400B-B955-7A3D393C907C}.Release|Any CPU.ActiveCfg = Release|Any CPU
		{88D16830-BD0B-400B-B955-7A3D393C907C}.Release|Any CPU.Build.0 = Release|Any CPU
		{25AEBA29-15C2-4F25-9331-99250FD38444}.Debug|Any CPU.ActiveCfg = Debug|Any CPU
		{25AEBA29-15C2-4F25-9331-99250FD38444}.Debug|Any CPU.Build.0 = Debug|Any CPU
		{25AEBA29-15C2-4F25-9331-99250FD38444}.Release|Any CPU.ActiveCfg = Release|Any CPU
		{25AEBA29-15C2-4F25-9331-99250FD38444}.Release|Any CPU.Build.0 = Release|Any CPU
	EndGlobalSection
	GlobalSection(SolutionProperties) = preSolution
		HideSolutionNode = FALSE
	EndGlobalSection
	GlobalSection(ExtensibilityGlobals) = postSolution
		SolutionGuid = {60C3D01D-1B2E-4716-BF81-CC495B6B49F6}
	EndGlobalSection
EndGlobal
